
Microsoft Visual Studio Solution File, Format Version 12.00
# Visual Studio Version 17
Project("{8BC9CEB8-8B4A-11D0-8D11-00A0C91BC942}") = "ALL_BUILD", "ALL_BUILD.vcxproj", "{B5A660C1-8587-3B9E-B07C-DBD74F542D04}"
	ProjectSection(ProjectDependencies) = postProject
		{189E213D-DA2E-3500-A542-B4DD6F15E489} = {189E213D-DA2E-3500-A542-B4DD6F15E489}
		{1BC46731-CA5F-36F2-B846-008B5D8D0477} = {1BC46731-CA5F-36F2-B846-008B5D8D0477}
	EndProjectSection
EndProject
Project("{8BC9CEB8-8B4A-11D0-8D11-00A0C91BC942}") = "INSTALL", "INSTALL.vcxproj", "{D7B45FA5-E44E-3BBC-9B92-28DBFBA795BE}"
	ProjectSection(ProjectDependencies) = postProject
		{B5A660C1-8587-3B9E-B07C-DBD74F542D04} = {B5A660C1-8587-3B9E-B07C-DBD74F542D04}
		{189E213D-DA2E-3500-A542-B4DD6F15E489} = {189E213D-DA2E-3500-A542-B4DD6F15E489}
	EndProjectSection
EndProject
Project("{8BC9CEB8-8B4A-11D0-8D11-00A0C91BC942}") = "ZERO_CHECK", "ZERO_CHECK.vcxproj", "{189E213D-DA2E-3500-A542-B4DD6F15E489}"
	ProjectSection(ProjectDependencies) = postProject
	EndProjectSection
EndProject
Project("{8BC9CEB8-8B4A-11D0-8D11-00A0C91BC942}") = "sherpa_tts_service", "sherpa_tts_service.vcxproj", "{1BC46731-CA5F-36F2-B846-008B5D8D0477}"
	ProjectSection(ProjectDependencies) = postProject
		{189E213D-DA2E-3500-A542-B4DD6F15E489} = {189E213D-DA2E-3500-A542-B4DD6F15E489}
	EndProjectSection
EndProject
Global
	GlobalSection(SolutionConfigurationPlatforms) = preSolution
		Debug|x64 = Debug|x64
		Release|x64 = Release|x64
		MinSizeRel|x64 = MinSizeRel|x64
		RelWithDebInfo|x64 = RelWithDebInfo|x64
	EndGlobalSection
	GlobalSection(ProjectConfigurationPlatforms) = postSolution
		{B5A660C1-8587-3B9E-B07C-DBD74F542D04}.Debug|x64.ActiveCfg = Debug|x64
		{B5A660C1-8587-3B9E-B07C-DBD74F542D04}.Debug|x64.Build.0 = Debug|x64
		{B5A660C1-8587-3B9E-B07C-DBD74F542D04}.Release|x64.ActiveCfg = Release|x64
		{B5A660C1-8587-3B9E-B07C-DBD74F542D04}.Release|x64.Build.0 = Release|x64
		{B5A660C1-8587-3B9E-B07C-DBD74F542D04}.MinSizeRel|x64.ActiveCfg = MinSizeRel|x64
		{B5A660C1-8587-3B9E-B07C-DBD74F542D04}.MinSizeRel|x64.Build.0 = MinSizeRel|x64
		{B5A660C1-8587-3B9E-B07C-DBD74F542D04}.RelWithDebInfo|x64.ActiveCfg = RelWithDebInfo|x64
		{B5A660C1-8587-3B9E-B07C-DBD74F542D04}.RelWithDebInfo|x64.Build.0 = RelWithDebInfo|x64
		{D7B45FA5-E44E-3BBC-9B92-28DBFBA795BE}.Debug|x64.ActiveCfg = Debug|x64
		{D7B45FA5-E44E-3BBC-9B92-28DBFBA795BE}.Release|x64.ActiveCfg = Release|x64
		{D7B45FA5-E44E-3BBC-9B92-28DBFBA795BE}.MinSizeRel|x64.ActiveCfg = MinSizeRel|x64
		{D7B45FA5-E44E-3BBC-9B92-28DBFBA795BE}.RelWithDebInfo|x64.ActiveCfg = RelWithDebInfo|x64
		{189E213D-DA2E-3500-A542-B4DD6F15E489}.Debug|x64.ActiveCfg = Debug|x64
		{189E213D-DA2E-3500-A542-B4DD6F15E489}.Debug|x64.Build.0 = Debug|x64
		{189E213D-DA2E-3500-A542-B4DD6F15E489}.Release|x64.ActiveCfg = Release|x64
		{189E213D-DA2E-3500-A542-B4DD6F15E489}.Release|x64.Build.0 = Release|x64
		{189E213D-DA2E-3500-A542-B4DD6F15E489}.MinSizeRel|x64.ActiveCfg = MinSizeRel|x64
		{189E213D-DA2E-3500-A542-B4DD6F15E489}.MinSizeRel|x64.Build.0 = MinSizeRel|x64
		{189E213D-DA2E-3500-A542-B4DD6F15E489}.RelWithDebInfo|x64.ActiveCfg = RelWithDebInfo|x64
		{189E213D-DA2E-3500-A542-B4DD6F15E489}.RelWithDebInfo|x64.Build.0 = RelWithDebInfo|x64
		{1BC46731-CA5F-36F2-B846-008B5D8D0477}.Debug|x64.ActiveCfg = Debug|x64
		{1BC46731-CA5F-36F2-B846-008B5D8D0477}.Debug|x64.Build.0 = Debug|x64
		{1BC46731-CA5F-36F2-B846-008B5D8D0477}.Release|x64.ActiveCfg = Release|x64
		{1BC46731-CA5F-36F2-B846-008B5D8D0477}.Release|x64.Build.0 = Release|x64
		{1BC46731-CA5F-36F2-B846-008B5D8D0477}.MinSizeRel|x64.ActiveCfg = MinSizeRel|x64
		{1BC46731-CA5F-36F2-B846-008B5D8D0477}.MinSizeRel|x64.Build.0 = MinSizeRel|x64
		{1BC46731-CA5F-36F2-B846-008B5D8D0477}.RelWithDebInfo|x64.ActiveCfg = RelWithDebInfo|x64
		{1BC46731-CA5F-36F2-B846-008B5D8D0477}.RelWithDebInfo|x64.Build.0 = RelWithDebInfo|x64
	EndGlobalSection
	GlobalSection(ExtensibilityGlobals) = postSolution
		SolutionGuid = {FDBA7754-9EB8-36D4-B188-DE93B670CDA0}
	EndGlobalSection
	GlobalSection(ExtensibilityAddIns) = postSolution
	EndGlobalSection
EndGlobal
